PODS:
  - Flutter (1.0.0)
  - moon_phase (0.0.1):
    - Flutter

DEPENDENCIES:
  - Flutter (from `Flutter`)
  - moon_phase (from `.symlinks/plugins/moon_phase/ios`)

EXTERNAL SOURCES:
  Flutter:
    :path: Flutter
  moon_phase:
    :path: ".symlinks/plugins/moon_phase/ios"

SPEC CHECKSUMS:
  Flutter: cabc95a1d2626b1b06e7179b784ebcf0c0cde467
  moon_phase: d72720758da059ee6c5eeae9ecdf71b9639874b6

PODFILE CHECKSUM: 0dbd5a87e0ace00c9610d2037ac22083a01f861d

COCOAPODS: 1.16.2
